Microsoft Visual Studio Solution File, Format Version 12.00
# Visual Studio Version 17
VisualStudioVersion = 17.5.2.0
MinimumVisualStudioVersion = 10.0.40219.1
Project("{2150E333-8FDC-42A3-9474-1A3956D46DE8}") = "src", "src", "{827E0CD3-B72D-47B6-A68D-7590B98EB39B}"
EndProject
Project("{2150E333-8FDC-42A3-9474-1A3956D46DE8}") = "Gateway", "Gateway", "{E7BDDBC6-9FD1-D1D7-ACD8-2C4F8E3D2461}"
EndProject
Project("{FAE04EC0-301F-11D3-BF4B-00C04F79EFBC}") = "Shared", "src\Shared\Shared.csproj", "{99507BA0-BB0B-3FD9-D8E2-2AE9B409CB73}"
EndProject
Project("{FAE04EC0-301F-11D3-BF4B-00C04F79EFBC}") = "ManaFood.ApiGateway", "Gateway\ManaFood.ApiGateway\ManaFood.ApiGateway.csproj", "{CA3852B7-6205-7725-DDF1-54F7DD75D42E}"
EndProject
Global
	GlobalSection(SolutionConfigurationPlatforms) = preSolution
		Debug|Any CPU = Debug|Any CPU
		Release|Any CPU = Release|Any CPU
	EndGlobalSection
	GlobalSection(ProjectConfigurationPlatforms) = postSolution
		{99507BA0-BB0B-3FD9-D8E2-2AE9B409CB73}.Debug|Any CPU.ActiveCfg = Debug|Any CPU
		{99507BA0-BB0B-3FD9-D8E2-2AE9B409CB73}.Debug|Any CPU.Build.0 = Debug|Any CPU
		{99507BA0-BB0B-3FD9-D8E2-2AE9B409CB73}.Release|Any CPU.ActiveCfg = Release|Any CPU
		{99507BA0-BB0B-3FD9-D8E2-2AE9B409CB73}.Release|Any CPU.Build.0 = Release|Any CPU
		{CA3852B7-6205-7725-DDF1-54F7DD75D42E}.Debug|Any CPU.ActiveCfg = Debug|Any CPU
		{CA3852B7-6205-7725-DDF1-54F7DD75D42E}.Debug|Any CPU.Build.0 = Debug|Any CPU
		{CA3852B7-6205-7725-DDF1-54F7DD75D42E}.Release|Any CPU.ActiveCfg = Release|Any CPU
		{CA3852B7-6205-7725-DDF1-54F7DD75D42E}.Release|Any CPU.Build.0 = Release|Any CPU
	EndGlobalSection
	GlobalSection(SolutionProperties) = preSolution
		HideSolutionNode = FALSE
	EndGlobalSection
	GlobalSection(NestedProjects) = preSolution
		{99507BA0-BB0B-3FD9-D8E2-2AE9B409CB73} = {827E0CD3-B72D-47B6-A68D-7590B98EB39B}
		{CA3852B7-6205-7725-DDF1-54F7DD75D42E} = {E7BDDBC6-9FD1-D1D7-ACD8-2C4F8E3D2461}
	EndGlobalSection
	GlobalSection(ExtensibilityGlobals) = postSolution
		SolutionGuid = {35417C50-8398-4F0C-A3CB-4BDEF0EF420E}
	EndGlobalSection
EndGlobal
