Microsoft Visual Studio Solution File, Format Version 12.00
# Visual Studio Version 17
VisualStudioVersion = 17.5.2.0
MinimumVisualStudioVersion = 10.0.40219.1
Project("{2150E333-8FDC-42A3-9474-1A3956D46DE8}") = "src", "src", "{827E0CD3-B72D-47B6-A68D-7590B98EB39B}"
EndProject
Project("{FAE04EC0-301F-11D3-BF4B-00C04F79EFBC}") = "ManaFood.AuthLambda", "src\ManaFood.AuthLambda\ManaFood.AuthLambda.csproj", "{53ACED88-E0C3-0DA2-6EEA-D6DF057181D6}"
EndProject
Project("{FAE04EC0-301F-11D3-BF4B-00C04F79EFBC}") = "ManaFood.Data", "src\ManaFood.Data\ManaFood.Data.csproj", "{2060AFED-25C8-2FE3-1EBD-F5B9E64FB6B9}"
EndProject
Project("{FAE04EC0-301F-11D3-BF4B-00C04F79EFBC}") = "ManaFood.Domain", "src\ManaFood.Domain\ManaFood.Domain.csproj", "{98E7E4A6-117B-A796-A62A-763E2C9F3018}"
EndProject
Global
	GlobalSection(SolutionConfigurationPlatforms) = preSolution
		Debug|Any CPU = Debug|Any CPU
		Release|Any CPU = Release|Any CPU
	EndGlobalSection
	GlobalSection(ProjectConfigurationPlatforms) = postSolution
		{53ACED88-E0C3-0DA2-6EEA-D6DF057181D6}.Debug|Any CPU.ActiveCfg = Debug|Any CPU
		{53ACED88-E0C3-0DA2-6EEA-D6DF057181D6}.Debug|Any CPU.Build.0 = Debug|Any CPU
		{53ACED88-E0C3-0DA2-6EEA-D6DF057181D6}.Release|Any CPU.ActiveCfg = Release|Any CPU
		{53ACED88-E0C3-0DA2-6EEA-D6DF057181D6}.Release|Any CPU.Build.0 = Release|Any CPU
		{2060AFED-25C8-2FE3-1EBD-F5B9E64FB6B9}.Debug|Any CPU.ActiveCfg = Debug|Any CPU
		{2060AFED-25C8-2FE3-1EBD-F5B9E64FB6B9}.Debug|Any CPU.Build.0 = Debug|Any CPU
		{2060AFED-25C8-2FE3-1EBD-F5B9E64FB6B9}.Release|Any CPU.ActiveCfg = Release|Any CPU
		{2060AFED-25C8-2FE3-1EBD-F5B9E64FB6B9}.Release|Any CPU.Build.0 = Release|Any CPU
		{98E7E4A6-117B-A796-A62A-763E2C9F3018}.Debug|Any CPU.ActiveCfg = Debug|Any CPU
		{98E7E4A6-117B-A796-A62A-763E2C9F3018}.Debug|Any CPU.Build.0 = Debug|Any CPU
		{98E7E4A6-117B-A796-A62A-763E2C9F3018}.Release|Any CPU.ActiveCfg = Release|Any CPU
		{98E7E4A6-117B-A796-A62A-763E2C9F3018}.Release|Any CPU.Build.0 = Release|Any CPU
	EndGlobalSection
	GlobalSection(SolutionProperties) = preSolution
		HideSolutionNode = FALSE
	EndGlobalSection
	GlobalSection(NestedProjects) = preSolution
		{53ACED88-E0C3-0DA2-6EEA-D6DF057181D6} = {827E0CD3-B72D-47B6-A68D-7590B98EB39B}
		{2060AFED-25C8-2FE3-1EBD-F5B9E64FB6B9} = {827E0CD3-B72D-47B6-A68D-7590B98EB39B}
		{98E7E4A6-117B-A796-A62A-763E2C9F3018} = {827E0CD3-B72D-47B6-A68D-7590B98EB39B}
	EndGlobalSection
	GlobalSection(ExtensibilityGlobals) = postSolution
		SolutionGuid = {7E4C879C-9087-4F86-8C63-A53DAD6C8843}
	EndGlobalSection
EndGlobal
